// !$*UTF8*$!
{
	archiveVersion = 1;
	classes = {
	};
	objectVersion = 46;
	objects = {

/* Begin PBXBuildFile section */
		E3E3F1041ED3843F008450DE /* AppDelegate.swift in Sources */ = {isa = PBXBuildFile; fileRef = E3E3F1031ED3843F008450DE /* AppDelegate.swift */; };
		E3E3F1061ED3843F008450DE /* ViewController.swift in Sources */ = {isa = PBXBuildFile; fileRef = E3E3F1051ED3843F008450DE /* ViewController.swift */; };
		E3E3F1091ED3843F008450DE /* Main.storyboard in Resources */ = {isa = PBXBuildFile; fileRef = E3E3F1071ED3843F008450DE /* Main.storyboard */; };
		E3E3F10B1ED3843F008450DE /* Assets.xcassets in Resources */ = {isa = PBXBuildFile; fileRef = E3E3F10A1ED3843F008450DE /* Assets.xcassets */; };
		E3E3F10E1ED3843F008450DE /* LaunchScreen.storyboard in Resources */ = {isa = PBXBuildFile; fileRef = E3E3F10C1ED3843F008450DE /* LaunchScreen.storyboard */; };
		E3E3F1191ED38440008450DE /* SnapchatTests.swift in Sources */ = {isa = PBXBuildFile; fileRef = E3E3F1181ED38440008450DE /* SnapchatTests.swift */; };
/* End PBXBuildFile section */

/* Begin PBXContainerItemProxy section */
		E3E3F1151ED38440008450DE /* PBXContainerItemProxy */ = {
			isa = PBXContainerItemProxy;
			containerPortal = E3E3F0F81ED3843F008450DE /* Project object */;
			proxyType = 1;
			remoteGlobalIDString = E3E3F0FF1ED3843F008450DE;
			remoteInfo = Snapchat;
		};
/* End PBXContainerItemProxy section */

/* Begin PBXFileReference section */
		E3E3F1001ED3843F008450DE /* Snapchat.app */ = {isa = PBXFileReference; explicitFileType = wrapper.application; includeInIndex = 0; path = Snapchat.app; sourceTree = BUILT_PRODUCTS_DIR; };
		E3E3F1031ED3843F008450DE /* AppDelegate.swift */ = {isa = PBXFileReference; lastKnownFileType = sourcecode.swift; path = AppDelegate.swift; sourceTree = "<group>"; };
		E3E3F1051ED3843F008450DE /* ViewController.swift */ = {isa = PBXFileReference; lastKnownFileType = sourcecode.swift; path = ViewController.swift; sourceTree = "<group>"; };
		E3E3F1081ED3843F008450DE /* Base */ = {isa = PBXFileReference; lastKnownFileType = file.storyboard; name = Base; path = Base.lproj/Main.storyboard; sourceTree = "<group>"; };
		E3E3F10A1ED3843F008450DE /* Assets.xcassets */ = {isa = PBXFileReference; lastKnownFileType = folder.assetcatalog; path = Assets.xcassets; sourceTree = "<group>"; };
		E3E3F10D1ED3843F008450DE /* Base */ = {isa = PBXFileReference; lastKnownFileType = file.storyboard; name = Base; path = Base.lproj/LaunchScreen.storyboard; sourceTree = "<group>"; };
		E3E3F10F1ED3843F008450DE /* Info.plist */ = {isa = PBXFileReference; lastKnownFileType = text.plist.xml; path = Info.plist; sourceTree = "<group>"; };
		E3E3F1141ED38440008450DE /* SnapchatTests.xctest */ = {isa = PBXFileReference; explicitFileType = wrapper.cfbundle; includeInIndex = 0; path = SnapchatTests.xctest; sourceTree = BUILT_PRODUCTS_DIR; };
		E3E3F1181ED38440008450DE /* SnapchatTests.swift */ = {isa = PBXFileReference; lastKnownFileType = sourcecode.swift; path = SnapchatTests.swift; sourceTree = "<group>"; };
		E3E3F11A1ED38440008450DE /* Info.plist */ = {isa = PBXFileReference; lastKnownFileType = text.plist.xml; path = Info.plist; sourceTree = "<group>"; };
/* End PBXFileReference section */

/* Begin PBXFrameworksBuildPhase section */
		E3E3F0FD1ED3843F008450DE /* Frameworks */ = {
			isa = PBXFrameworksBuildPhase;
			buildActionMask = 2147483647;
			files = (
			);
			runOnlyForDeploymentPostprocessing = 0;
		};
		E3E3F1111ED38440008450DE /* Frameworks */ = {
			isa = PBXFrameworksBuildPhase;
			buildActionMask = 2147483647;
			files = (
			);
			runOnlyForDeploymentPostprocessing = 0;
		};
/* End PBXFrameworksBuildPhase section */

/* Begin PBXGroup section */
		E3E3F0F71ED3843F008450DE = {
			isa = PBXGroup;
			children = (
				E3E3F1021ED3843F008450DE /* Snapchat */,
				E3E3F1171ED38440008450DE /* SnapchatTests */,
				E3E3F1011ED3843F008450DE /* Products */,
			);
			sourceTree = "<group>";
		};
		E3E3F1011ED3843F008450DE /* Products */ = {
			isa = PBXGroup;
			children = (
				E3E3F1001ED3843F008450DE /* Snapchat.app */,
				E3E3F1141ED38440008450DE /* SnapchatTests.xctest */,
			);
			name = Products;
			sourceTree = "<group>";
		};
		E3E3F1021ED3843F008450DE /* Snapchat */ = {
			isa = PBXGroup;
			children = (
				E3E3F1031ED3843F008450DE /* AppDelegate.swift */,
				E3E3F1051ED3843F008450DE /* ViewController.swift */,
				E3E3F1071ED3843F008450DE /* Main.storyboard */,
				E3E3F10A1ED3843F008450DE /* Assets.xcassets */,
				E3E3F10C1ED3843F008450DE /* LaunchScreen.storyboard */,
				E3E3F10F1ED3843F008450DE /* Info.plist */,
			);
			path = Snapchat;
			sourceTree = "<group>";
		};
		E3E3F1171ED38440008450DE /* SnapchatTests */ = {
			isa = PBXGroup;
			children = (
				E3E3F1181ED38440008450DE /* SnapchatTests.swift */,
				E3E3F11A1ED38440008450DE /* Info.plist */,
			);
			path = SnapchatTests;
			sourceTree = "<group>";
		};
/* End PBXGroup section */

/* Begin PBXNativeTarget section */
		E3E3F0FF1ED3843F008450DE /* Snapchat */ = {
			isa = PBXNativeTarget;
			buildConfigurationList = E3E3F11D1ED38440008450DE /* Build configuration list for PBXNativeTarget "Snapchat" */;
			buildPhases = (
				E3E3F0FC1ED3843F008450DE /* Sources */,
				E3E3F0FD1ED3843F008450DE /* Frameworks */,
				E3E3F0FE1ED3843F008450DE /* Resources */,
			);
			buildRules = (
			);
			dependencies = (
			);
			name = Snapchat;
			productName = Snapchat;
			productReference = E3E3F1001ED3843F008450DE /* Snapchat.app */;
			productType = "com.apple.product-type.application";
		};
		E3E3F1131ED38440008450DE /* SnapchatTests */ = {
			isa = PBXNativeTarget;
			buildConfigurationList = E3E3F1201ED38440008450DE /* Build configuration list for PBXNativeTarget "SnapchatTests" */;
			buildPhases = (
				E3E3F1101ED38440008450DE /* Sources */,
				E3E3F1111ED38440008450DE /* Frameworks */,
				E3E3F1121ED38440008450DE /* Resources */,
			);
			buildRules = (
			);
			dependencies = (
				E3E3F1161ED38440008450DE /* PBXTargetDependency */,
			);
			name = SnapchatTests;
			productName = SnapchatTests;
			productReference = E3E3F1141ED38440008450DE /* SnapchatTests.xctest */;
			productType = "com.apple.product-type.bundle.unit-test";
		};
/* End PBXNativeTarget section */

/* Begin PBXProject section */
		E3E3F0F81ED3843F008450DE /* Project object */ = {
			isa = PBXProject;
			attributes = {
				LastSwiftUpdateCheck = 0830;
				LastUpgradeCheck = 0830;
				ORGANIZATIONNAME = "Lois Talagrand";
				TargetAttributes = {
					E3E3F0FF1ED3843F008450DE = {
						CreatedOnToolsVersion = 8.3.2;
						DevelopmentTeam = 835U3WN5YQ;
						ProvisioningStyle = Automatic;
					};
					E3E3F1131ED38440008450DE = {
						CreatedOnToolsVersion = 8.3.2;
						DevelopmentTeam = 835U3WN5YQ;
						ProvisioningStyle = Automatic;
						TestTargetID = E3E3F0FF1ED3843F008450DE;
					};
				};
			};
			buildConfigurationList = E3E3F0FB1ED3843F008450DE /* Build configuration list for PBXProject "Snapchat" */;
			compatibilityVersion = "Xcode 3.2";
			developmentRegion = English;
			hasScannedForEncodings = 0;
			knownRegions = (
				en,
				Base,
			);
			mainGroup = E3E3F0F71ED3843F008450DE;
			productRefGroup = E3E3F1011ED3843F008450DE /* Products */;
			projectDirPath = "";
			projectRoot = "";
			targets = (
				E3E3F0FF1ED3843F008450DE /* Snapchat */,
				E3E3F1131ED38440008450DE /* SnapchatTests */,
			);
		};
/* End PBXProject section */

/* Begin PBXResourcesBuildPhase section */
		E3E3F0FE1ED3843F008450DE /* Resources */ = {
			isa = PBXResourcesBuildPhase;
			buildActionMask = 2147483647;
			files = (
				E3E3F10E1ED3843F008450DE /* LaunchScreen.storyboard in Resources */,
				E3E3F10B1ED3843F008450DE /* Assets.xcassets in Resources */,
				E3E3F1091ED3843F008450DE /* Main.storyboard in Resources */,
			);
			runOnlyForDeploymentPostprocessing = 0;
		};
		E3E3F1121ED38440008450DE /* Resources */ = {
			isa = PBXResourcesBuildPhase;
			buildActionMask = 2147483647;
			files = (
			);
			runOnlyForDeploymentPostprocessing = 0;
		};
/* End PBXResourcesBuildPhase section */

/* Begin PBXSourcesBuildPhase section */
		E3E3F0FC1ED3843F008450DE /* Sources */ = {
			isa = PBXSourcesBuildPhase;
			buildActionMask = 2147483647;
			files = (
				E3E3F1061ED3843F008450DE /* ViewController.swift in Sources */,
				E3E3F1041ED3843F008450DE /* AppDelegate.swift in Sources */,
			);
			runOnlyForDeploymentPostprocessing = 0;
		};
		E3E3F1101ED38440008450DE /* Sources */ = {
			isa = PBXSourcesBuildPhase;
			buildActionMask = 2147483647;
			files = (
				E3E3F1191ED38440008450DE /* SnapchatTests.swift in Sources */,
			);
			runOnlyForDeploymentPostprocessing = 0;
		};
/* End PBXSourcesBuildPhase section */

/* Begin PBXTargetDependency section */
		E3E3F1161ED38440008450DE /* PBXTargetDependency */ = {
			isa = PBXTargetDependency;
			target = E3E3F0FF1ED3843F008450DE /* Snapchat */;
			targetProxy = E3E3F1151ED38440008450DE /* PBXContainerItemProxy */;
		};
/* End PBXTargetDependency section */

/* Begin PBXVariantGroup section */
		E3E3F1071ED3843F008450DE /* Main.storyboard */ = {
			isa = PBXVariantGroup;
			children = (
				E3E3F1081ED3843F008450DE /* Base */,
			);
			name = Main.storyboard;
			sourceTree = "<group>";
		};
		E3E3F10C1ED3843F008450DE /* LaunchScreen.storyboard */ = {
			isa = PBXVariantGroup;
			children = (
				E3E3F10D1ED3843F008450DE /* Base */,
			);
			name = LaunchScreen.storyboard;
			sourceTree = "<group>";
		};
/* End PBXVariantGroup section */

/* Begin XCBuildConfiguration section */
		E3E3F11B1ED38440008450DE /* Debug */ = {
			isa = XCBuildConfiguration;
			buildSettings = {
				ALWAYS_SEARCH_USER_PATHS = NO;
				CLANG_ANALYZER_NONNULL = YES;
				CLANG_ANALYZER_NUMBER_OBJECT_CONVERSION = YES_AGGRESSIVE;
				CLANG_CXX_LANGUAGE_STANDARD = "gnu++0x";
				CLANG_CXX_LIBRARY = "libc++";
				CLANG_ENABLE_MODULES = YES;
				CLANG_ENABLE_OBJC_ARC = YES;
				CLANG_WARN_BOOL_CONVERSION = YES;
				CLANG_WARN_CONSTANT_CONVERSION = YES;
				CLANG_WARN_DIRECT_OBJC_ISA_USAGE = YES_ERROR;
				CLANG_WARN_DOCUMENTATION_COMMENTS = YES;
				CLANG_WARN_EMPTY_BODY = YES;
				CLANG_WARN_ENUM_CONVERSION = YES;
				CLANG_WARN_INFINITE_RECURSION = YES;
				CLANG_WARN_INT_CONVERSION = YES;
				CLANG_WARN_OBJC_ROOT_CLASS = YES_ERROR;
				CLANG_WARN_SUSPICIOUS_MOVE = YES;
				CLANG_WARN_UNREACHABLE_CODE = YES;
				CLANG_WARN__DUPLICATE_METHOD_MATCH = YES;
				"CODE_SIGN_IDENTITY[sdk=iphoneos*]" = "iPhone Developer";
				COPY_PHASE_STRIP = NO;
				DEBUG_INFORMATION_FORMAT = dwarf;
				ENABLE_STRICT_OBJC_MSGSEND = YES;
				ENABLE_TESTABILITY = YES;
				GCC_C_LANGUAGE_STANDARD = gnu99;
				GCC_DYNAMIC_NO_PIC = NO;
				GCC_NO_COMMON_BLOCKS = YES;
				GCC_OPTIMIZATION_LEVEL = 0;
				GCC_PREPROCESSOR_DEFINITIONS = (
					"DEBUG=1",
					"$(inherited)",
				);
				GCC_WARN_64_TO_32_BIT_CONVERSION = YES;
				GCC_WARN_ABOUT_RETURN_TYPE = YES_ERROR;
				GCC_WARN_UNDECLARED_SELECTOR = YES;
				GCC_WARN_UNINITIALIZED_AUTOS = YES_AGGRESSIVE;
				GCC_WARN_UNUSED_FUNCTION = YES;
				GCC_WARN_UNUSED_VARIABLE = YES;
				IPHONEOS_DEPLOYMENT_TARGET = 10.3;
				MTL_ENABLE_DEBUG_INFO = YES;
				ONLY_ACTIVE_ARCH = YES;
				SDKROOT = iphoneos;
				SWIFT_ACTIVE_COMPILATION_CONDITIONS = DEBUG;
				SWIFT_OPTIMIZATION_LEVEL = "-Onone";
				TARGETED_DEVICE_FAMILY = "1,2";
			};
			name = Debug;
		};
		E3E3F11C1ED38440008450DE /* Release */ = {
			isa = XCBuildConfiguration;
			buildSettings = {
				ALWAYS_SEARCH_USER_PATHS = NO;
				CLANG_ANALYZER_NONNULL = YES;
				CLANG_ANALYZER_NUMBER_OBJECT_CONVERSION = YES_AGGRESSIVE;
				CLANG_CXX_LANGUAGE_STANDARD = "gnu++0x";
				CLANG_CXX_LIBRARY = "libc++";
				CLANG_ENABLE_MODULES = YES;
				CLANG_ENABLE_OBJC_ARC = YES;
				CLANG_WARN_BOOL_CONVERSION = YES;
				CLANG_WARN_CONSTANT_CONVERSION = YES;
				CLANG_WARN_DIRECT_OBJC_ISA_USAGE = YES_ERROR;
				CLANG_WARN_DOCUMENTATION_COMMENTS = YES;
				CLANG_WARN_EMPTY_BODY = YES;
				CLANG_WARN_ENUM_CONVERSION = YES;
				CLANG_WARN_INFINITE_RECURSION = YES;
				CLANG_WARN_INT_CONVERSION = YES;
				CLANG_WARN_OBJC_ROOT_CLASS = YES_ERROR;
				CLANG_WARN_SUSPICIOUS_MOVE = YES;
				CLANG_WARN_UNREACHABLE_CODE = YES;
				CLANG_WARN__DUPLICATE_METHOD_MATCH = YES;
				"CODE_SIGN_IDENTITY[sdk=iphoneos*]" = "iPhone Developer";
				COPY_PHASE_STRIP = NO;
				DEBUG_INFORMATION_FORMAT = "dwarf-with-dsym";
				ENABLE_NS_ASSERTIONS = NO;
				ENABLE_STRICT_OBJC_MSGSEND = YES;
				GCC_C_LANGUAGE_STANDARD = gnu99;
				GCC_NO_COMMON_BLOCKS = YES;
				GCC_WARN_64_TO_32_BIT_CONVERSION = YES;
				GCC_WARN_ABOUT_RETURN_TYPE = YES_ERROR;
				GCC_WARN_UNDECLARED_SELECTOR = YES;
				GCC_WARN_UNINITIALIZED_AUTOS = YES_AGGRESSIVE;
				GCC_WARN_UNUSED_FUNCTION = YES;
				GCC_WARN_UNUSED_VARIABLE = YES;
				IPHONEOS_DEPLOYMENT_TARGET = 10.3;
				MTL_ENABLE_DEBUG_INFO = NO;
				SDKROOT = iphoneos;
				SWIFT_OPTIMIZATION_LEVEL = "-Owholemodule";
				TARGETED_DEVICE_FAMILY = "1,2";
				VALIDATE_PRODUCT = YES;
			};
			name = Release;
		};
		E3E3F11E1ED38440008450DE /* Debug */ = {
			isa = XCBuildConfiguration;
			buildSettings = {
				ASSETCATALOG_COMPILER_APPICON_NAME = AppIcon;
				DEVELOPMENT_TEAM = 835U3WN5YQ;
				INFOPLIST_FILE = Snapchat/Info.plist;
				LD_RUNPATH_SEARCH_PATHS = "$(inherited) @executable_path/Frameworks";
				PRODUCT_BUNDLE_IDENTIFIER = com.loistalagrand..Snapchat;
				PRODUCT_NAME = "$(TARGET_NAME)";
				SWIFT_VERSION = 3.0;
			};
			name = Debug;
		};
		E3E3F11F1ED38440008450DE /* Release */ = {
			isa = XCBuildConfiguration;
			buildSettings = {
				ASSETCATALOG_COMPILER_APPICON_NAME = AppIcon;
				DEVELOPMENT_TEAM = 835U3WN5YQ;
				INFOPLIST_FILE = Snapchat/Info.plist;
				LD_RUNPATH_SEARCH_PATHS = "$(inherited) @executable_path/Frameworks";
				PRODUCT_BUNDLE_IDENTIFIER = com.loistalagrand..Snapchat;
				PRODUCT_NAME = "$(TARGET_NAME)";
				SWIFT_VERSION = 3.0;
			};
			name = Release;
		};
		E3E3F1211ED38440008450DE /* Debug */ = {
			isa = XCBuildConfiguration;
			buildSettings = {
				ALWAYS_EMBED_SWIFT_STANDARD_LIBRARIES = YES;
				BUNDLE_LOADER = "$(TEST_HOST)";
				DEVELOPMENT_TEAM = 835U3WN5YQ;
				INFOPLIST_FILE = SnapchatTests/Info.plist;
				LD_RUNPATH_SEARCH_PATHS = "$(inherited) @executable_path/Frameworks @loader_path/Frameworks";
				PRODUCT_BUNDLE_IDENTIFIER = com.loistalagrand..SnapchatTests;
				PRODUCT_NAME = "$(TARGET_NAME)";
				SWIFT_VERSION = 3.0;
				TEST_HOST = "$(BUILT_PRODUCTS_DIR)/Snapchat.app/Snapchat";
			};
			name = Debug;
		};
		E3E3F1221ED38440008450DE /* Release */ = {
			isa = XCBuildConfiguration;
			buildSettings = {
				ALWAYS_EMBED_SWIFT_STANDARD_LIBRARIES = YES;
				BUNDLE_LOADER = "$(TEST_HOST)";
				DEVELOPMENT_TEAM = 835U3WN5YQ;
				INFOPLIST_FILE = SnapchatTests/Info.plist;
				LD_RUNPATH_SEARCH_PATHS = "$(inherited) @executable_path/Frameworks @loader_path/Frameworks";
				PRODUCT_BUNDLE_IDENTIFIER = com.loistalagrand..SnapchatTests;
				PRODUCT_NAME = "$(TARGET_NAME)";
				SWIFT_VERSION = 3.0;
				TEST_HOST = "$(BUILT_PRODUCTS_DIR)/Snapchat.app/Snapchat";
			};
			name = Release;
		};
/* End XCBuildConfiguration section */

/* Begin XCConfigurationList section */
		E3E3F0FB1ED3843F008450DE /* Build configuration list for PBXProject "Snapchat" */ = {
			isa = XCConfigurationList;
			buildConfigurations = (
				E3E3F11B1ED38440008450DE /* Debug */,
				E3E3F11C1ED38440008450DE /* Release */,
			);
			defaultConfigurationIsVisible = 0;
			defaultConfigurationName = Release;
		};
		E3E3F11D1ED38440008450DE /* Build configuration list for PBXNativeTarget "Snapchat" */ = {
			isa = XCConfigurationList;
			buildConfigurations = (
				E3E3F11E1ED38440008450DE /* Debug */,
				E3E3F11F1ED38440008450DE /* Release */,
			);
			defaultConfigurationIsVisible = 0;
		};
		E3E3F1201ED38440008450DE /* Build configuration list for PBXNativeTarget "SnapchatTests" */ = {
			isa = XCConfigurationList;
			buildConfigurations = (
				E3E3F1211ED38440008450DE /* Debug */,
				E3E3F1221ED38440008450DE /* Release */,
			);
			defaultConfigurationIsVisible = 0;
		};
/* End XCConfigurationList section */
	};
	rootObject = E3E3F0F81ED3843F008450DE /* Project object */;
}
